{
  "name": "data-context-binding",
  "version": "2.0.0-beta.3",
  "lockfileVersion": 3,
  "requires": true,
  "packages": {
    "": {
      "name": "data-context-binding",
      "version": "2.0.0-beta.3",
      "license": "MIT",
      "funding": {
        "url": "https://manuel-lohmus.github.io/data-context-binding/README.html#license"
      }
    }
  }
}
